
Microsoft Visual Studio Solution File, Format Version 12.00
# Visual Studio Version 16
VisualStudioVersion = 16.0.30413.136
MinimumVisualStudioVersion = 10.0.40219.1
Project("{FAE04EC0-301F-11D3-BF4B-00C04F79EFBC}") = "Gains", "Gains\Gains.csproj", "{6AA50F56-91E8-4A23-9320-5F24206481D1}"
EndProject
Global
	GlobalSection(SolutionConfigurationPlatforms) = preSolution
		Debug|Any CPU = Debug|Any CPU
		Release|Any CPU = Release|Any CPU
	EndGlobalSection
	GlobalSection(ProjectConfigurationPlatforms) = postSolution
		{6AA50F56-91E8-4A23-9320-5F24206481D1}.Debug|Any CPU.ActiveCfg = Debug|Any CPU
		{6AA50F56-91E8-4A23-9320-5F24206481D1}.Debug|Any CPU.Build.0 = Debug|Any CPU
		{6AA50F56-91E8-4A23-9320-5F24206481D1}.Release|Any CPU.ActiveCfg = Release|Any CPU
		{6AA50F56-91E8-4A23-9320-5F24206481D1}.Release|Any CPU.Build.0 = Release|Any CPU
	EndGlobalSection
	GlobalSection(SolutionProperties) = preSolution
		HideSolutionNode = FALSE
	EndGlobalSection
	GlobalSection(ExtensibilityGlobals) = postSolution
		SolutionGuid = {1C1CF7E2-A2FE-42A8-9C9B-504D7F57B388}
	EndGlobalSection
EndGlobal
